{
  "registry": "cgr.dev/chainguard/wolfi-base",
  "tag": "latest",
  "digest": "sha256:f6959a1b0ed7e6f4696f5cd8373b28846494cb9272a14dc0ddc0db94d00e7344",
  "updated": "2026-01-27T00:00:00Z",
  "packages": {
    "curl": "",
    "coreutils": "",
    "bash": "",
    "python-3.12": "",
    "ca-certificates": "",
    "glibc": "",
    "glibc-locale-posix": "",
    "libgcc": "",
    "binutils": ""
  },
  "_comment": "Package versions populated by scripts/refresh-versions.sh"
}
